<?xml version="1.0" encoding="utf-8"?>
<Project ToolsVersion="4.0" xmlns="http://schemas.microsoft.com/developer/msbuild/2003">
  <ItemGroup>
    <ClCompile Include="Item.cpp" />
    <ClCompile Include="PostProcess.cpp" />
    <ClCompile Include="StaticObject.cpp" />
    <ClCompile Include="BaseWindow.cpp">
      <Filter>Engine\01. Core</Filter>
    </ClCompile>
    <ClCompile Include="Core.cpp">
      <Filter>Engine\01. Core</Filter>
    </ClCompile>
    <ClCompile Include="CollisionManager.cpp">
      <Filter>Engine\02. Manager</Filter>
    </ClCompile>
    <ClCompile Include="EventManager.cpp">
      <Filter>Engine\02. Manager</Filter>
    </ClCompile>
    <ClCompile Include="InputManager.cpp">
      <Filter>Engine\02. Manager</Filter>
    </ClCompile>
    <ClCompile Include="MapManager.cpp">
      <Filter>Engine\02. Manager</Filter>
    </ClCompile>
    <ClCompile Include="SceneManager.cpp">
      <Filter>Engine\02. Manager</Filter>
    </ClCompile>
    <ClCompile Include="ResourceManager.cpp">
      <Filter>Engine\02. Manager</Filter>
    </ClCompile>
    <ClCompile Include="TimeManager.cpp">
      <Filter>Engine\02. Manager</Filter>
    </ClCompile>
    <ClCompile Include="main.cpp">
      <Filter>Engine\01. Core</Filter>
    </ClCompile>
    <ClCompile Include="Object.cpp">
      <Filter>Engine\03. Object</Filter>
    </ClCompile>
    <ClCompile Include="Stone.cpp">
      <Filter>Engine\03. Object</Filter>
    </ClCompile>
    <ClCompile Include="Enemy.cpp">
      <Filter>Engine\03. Object</Filter>
    </ClCompile>
    <ClCompile Include="Projectile.cpp">
      <Filter>Engine\03. Object</Filter>
    </ClCompile>
    <ClCompile Include="Player.cpp">
      <Filter>Engine\03. Object</Filter>
    </ClCompile>
    <ClCompile Include="GDISelector.cpp">
      <Filter>Engine\07. Module</Filter>
    </ClCompile>
    <ClCompile Include="Animation.cpp">
      <Filter>Engine\06. Component</Filter>
    </ClCompile>
    <ClCompile Include="Animator.cpp">
      <Filter>Engine\06. Component</Filter>
    </ClCompile>
    <ClCompile Include="Collider.cpp">
      <Filter>Engine\06. Component</Filter>
    </ClCompile>
    <ClCompile Include="Component.cpp">
      <Filter>Engine\06. Component</Filter>
    </ClCompile>
    <ClCompile Include="RigidBody.cpp">
      <Filter>Engine\06. Component</Filter>
    </ClCompile>
    <ClCompile Include="ResourceBase.cpp">
      <Filter>Engine\05. Resource</Filter>
    </ClCompile>
    <ClCompile Include="Texture.cpp">
      <Filter>Engine\05. Resource</Filter>
    </ClCompile>
    <ClCompile Include="HWScene.cpp">
      <Filter>Engine\04. Scene</Filter>
    </ClCompile>
    <ClCompile Include="GameScene.cpp">
      <Filter>Engine\04. Scene</Filter>
    </ClCompile>
    <ClCompile Include="TitleScene.cpp">
      <Filter>Engine\04. Scene</Filter>
    </ClCompile>
    <ClCompile Include="Scene.cpp">
      <Filter>Engine\04. Scene</Filter>
    </ClCompile>
    <ClCompile Include="LineComponent.cpp" />
    <ClCompile Include="CameraShake.cpp" />
    <ClCompile Include="GamePlayer.cpp" />
  </ItemGroup>
  <ItemGroup>
    <ClInclude Include="Item.h" />
    <ClInclude Include="PostProcess.h" />
    <ClInclude Include="StaticObject.h" />
    <ClInclude Include="2024_winapigamep_framework_22.h">
      <Filter>Default</Filter>
    </ClInclude>
    <ClInclude Include="framework.h">
      <Filter>Default</Filter>
    </ClInclude>
    <ClInclude Include="Resource.h">
      <Filter>Default</Filter>
    </ClInclude>
    <ClInclude Include="targetver.h">
      <Filter>Default</Filter>
    </ClInclude>
    <ClInclude Include="BaseWindow.h">
      <Filter>Engine\01. Core</Filter>
    </ClInclude>
    <ClInclude Include="Core.h">
      <Filter>Engine\01. Core</Filter>
    </ClInclude>
    <ClInclude Include="CollisionManager.h">
      <Filter>Engine\02. Manager</Filter>
    </ClInclude>
    <ClInclude Include="EventManager.h">
      <Filter>Engine\02. Manager</Filter>
    </ClInclude>
    <ClInclude Include="InputManager.h">
      <Filter>Engine\02. Manager</Filter>
    </ClInclude>
    <ClInclude Include="MapManager.h">
      <Filter>Engine\02. Manager</Filter>
    </ClInclude>
    <ClInclude Include="SceneManager.h">
      <Filter>Engine\02. Manager</Filter>
    </ClInclude>
    <ClInclude Include="ResourceManager.h">
      <Filter>Engine\02. Manager</Filter>
    </ClInclude>
    <ClInclude Include="TimeManager.h">
      <Filter>Engine\02. Manager</Filter>
    </ClInclude>
    <ClInclude Include="Object.h">
      <Filter>Engine\03. Object</Filter>
    </ClInclude>
    <ClInclude Include="Stone.h">
      <Filter>Engine\03. Object</Filter>
    </ClInclude>
    <ClInclude Include="Enemy.h">
      <Filter>Engine\03. Object</Filter>
    </ClInclude>
    <ClInclude Include="Projectile.h">
      <Filter>Engine\03. Object</Filter>
    </ClInclude>
    <ClInclude Include="Player.h">
      <Filter>Engine\03. Object</Filter>
    </ClInclude>
    <ClInclude Include="Vec2.h">
      <Filter>Engine\99. Header</Filter>
    </ClInclude>
    <ClInclude Include="pch.h">
      <Filter>Engine\99. Header</Filter>
    </ClInclude>
    <ClInclude Include="Define.h">
      <Filter>Engine\99. Header</Filter>
    </ClInclude>
    <ClInclude Include="Enums.h">
      <Filter>Engine\99. Header</Filter>
    </ClInclude>
    <ClInclude Include="GDISelector.h">
      <Filter>Engine\07. Module</Filter>
    </ClInclude>
    <ClInclude Include="Animation.h">
      <Filter>Engine\06. Component</Filter>
    </ClInclude>
    <ClInclude Include="Animator.h">
      <Filter>Engine\06. Component</Filter>
    </ClInclude>
    <ClInclude Include="Collider.h">
      <Filter>Engine\06. Component</Filter>
    </ClInclude>
    <ClInclude Include="Component.h">
      <Filter>Engine\06. Component</Filter>
    </ClInclude>
    <ClInclude Include="RigidBody.h">
      <Filter>Engine\06. Component</Filter>
    </ClInclude>
    <ClInclude Include="ResourceBase.h">
      <Filter>Engine\05. Resource</Filter>
    </ClInclude>
    <ClInclude Include="Texture.h">
      <Filter>Engine\05. Resource</Filter>
    </ClInclude>
    <ClInclude Include="HWScene.h">
      <Filter>Engine\04. Scene</Filter>
    </ClInclude>
    <ClInclude Include="GameScene.h">
      <Filter>Engine\04. Scene</Filter>
    </ClInclude>
    <ClInclude Include="TitleScene.h">
      <Filter>Engine\04. Scene</Filter>
    </ClInclude>
    <ClInclude Include="Scene.h">
      <Filter>Engine\04. Scene</Filter>
    </ClInclude>
    <ClInclude Include="LineComponent.h" />
    <ClInclude Include="CameraShake.h" />
    <ClInclude Include="GamePlayer.h" />
  </ItemGroup>
  <ItemGroup>
    <Image Include="2024_winapigamep_framework_22.ico">
      <Filter>리소스 파일</Filter>
    </Image>
    <Image Include="small.ico">
      <Filter>리소스 파일</Filter>
    </Image>
  </ItemGroup>
  <ItemGroup>
    <Filter Include="Engine">
      <UniqueIdentifier>{8c542c6b-568e-4a78-b510-b04d5ae8ae47}</UniqueIdentifier>
    </Filter>
    <Filter Include="Default">
      <UniqueIdentifier>{f9829f55-44a1-4c4b-ae6a-40068189b4a5}</UniqueIdentifier>
    </Filter>
    <Filter Include="리소스 파일">
      <UniqueIdentifier>{a6311fa9-1147-409b-8584-64c5f0236a9d}</UniqueIdentifier>
    </Filter>
    <Filter Include="Engine\02. Manager">
      <UniqueIdentifier>{47f2ed80-d4bf-4da0-a170-5b7e5639c79a}</UniqueIdentifier>
    </Filter>
    <Filter Include="Engine\01. Core">
      <UniqueIdentifier>{02a77971-6084-42e6-bcb5-fe49e1d653a7}</UniqueIdentifier>
    </Filter>
    <Filter Include="Engine\04. Scene">
      <UniqueIdentifier>{f98ba216-15da-4699-a50c-6dcc981962de}</UniqueIdentifier>
    </Filter>
    <Filter Include="Engine\03. Object">
      <UniqueIdentifier>{d43bd1d2-3a45-4b42-a9c9-09fd2e57c9c9}</UniqueIdentifier>
    </Filter>
    <Filter Include="Engine\06. Component">
      <UniqueIdentifier>{56a196a7-165b-4dd6-acfd-30057dd32123}</UniqueIdentifier>
    </Filter>
    <Filter Include="Engine\05. Resource">
      <UniqueIdentifier>{5194ac6a-7227-4a85-bca4-16e7481c07f2}</UniqueIdentifier>
    </Filter>
    <Filter Include="Engine\07. Module">
      <UniqueIdentifier>{ffcb2706-0c26-40d8-ba12-b9d8cdc4a3f3}</UniqueIdentifier>
    </Filter>
    <Filter Include="Engine\99. Header">
      <UniqueIdentifier>{21778444-7ac9-410c-a480-dc485a29c22c}</UniqueIdentifier>
    </Filter>
  </ItemGroup>
  <ItemGroup>
    <ResourceCompile Include="2024_winapigamep_framework_22.rc">
      <Filter>리소스 파일</Filter>
    </ResourceCompile>
  </ItemGroup>
</Project>